
Microsoft Visual Studio Solution File, Format Version 12.00
# Visual Studio 15
VisualStudioVersion = 15.0.27428.2043
MinimumVisualStudioVersion = 10.0.40219.1
Project("{FAE04EC0-301F-11D3-BF4B-00C04F79EFBC}") = "WindowsFormsApp6", "WindowsFormsApp6\WindowsFormsApp6.csproj", "{66C0FF6C-6197-4119-B777-05F2E2B2B310}"
EndProject
Global
	GlobalSection(SolutionConfigurationPlatforms) = preSolution
		Debug|Any CPU = Debug|Any CPU
		Release|Any CPU = Release|Any CPU
	EndGlobalSection
	GlobalSection(ProjectConfigurationPlatforms) = postSolution
		{66C0FF6C-6197-4119-B777-05F2E2B2B310}.Debug|Any CPU.ActiveCfg = Debug|Any CPU
		{66C0FF6C-6197-4119-B777-05F2E2B2B310}.Debug|Any CPU.Build.0 = Debug|Any CPU
		{66C0FF6C-6197-4119-B777-05F2E2B2B310}.Release|Any CPU.ActiveCfg = Release|Any CPU
		{66C0FF6C-6197-4119-B777-05F2E2B2B310}.Release|Any CPU.Build.0 = Release|Any CPU
	EndGlobalSection
	GlobalSection(SolutionProperties) = preSolution
		HideSolutionNode = FALSE
	EndGlobalSection
	GlobalSection(ExtensibilityGlobals) = postSolution
		SolutionGuid = {2CB84A93-BE9E-46E9-AC9C-4026F2EB60C7}
	EndGlobalSection
EndGlobal
